
Microsoft Visual Studio Solution File, Format Version 12.00
# Visual Studio Version 17
VisualStudioVersion = 17.9.34616.47
MinimumVisualStudioVersion = 10.0.40219.1
Project("{9A19103F-16F7-4668-BE54-9A1E7A4F7556}") = "MyPokemonBlazorApp", "MyPokemonBlazorApp\MyPokemonBlazorApp.csproj", "{0931106A-F02A-4421-8CE5-63A063E2ABFE}"
EndProject
Global
	GlobalSection(SolutionConfigurationPlatforms) = preSolution
		Debug|Any CPU = Debug|Any CPU
		Release|Any CPU = Release|Any CPU
	EndGlobalSection
	GlobalSection(ProjectConfigurationPlatforms) = postSolution
		{0931106A-F02A-4421-8CE5-63A063E2ABFE}.Debug|Any CPU.ActiveCfg = Debug|Any CPU
		{0931106A-F02A-4421-8CE5-63A063E2ABFE}.Debug|Any CPU.Build.0 = Debug|Any CPU
		{0931106A-F02A-4421-8CE5-63A063E2ABFE}.Release|Any CPU.ActiveCfg = Release|Any CPU
		{0931106A-F02A-4421-8CE5-63A063E2ABFE}.Release|Any CPU.Build.0 = Release|Any CPU
	EndGlobalSection
	GlobalSection(SolutionProperties) = preSolution
		HideSolutionNode = FALSE
	EndGlobalSection
	GlobalSection(ExtensibilityGlobals) = postSolution
		SolutionGuid = {AA04A5A8-F1EB-4C35-A31B-5951ADC40D5D}
	EndGlobalSection
EndGlobal
